
Microsoft Visual Studio Solution File, Format Version 12.00
Project("{FAE04EC0-301F-11D3-BF4B-00C04F79EFBC}") = "Hardcoded.001", "Hardcoded.001.csproj", "{8DD4A01F-2711-4EEA-8E60-0677FB0B77B3}"
EndProject
Global
	GlobalSection(SolutionConfigurationPlatforms) = preSolution
		Debug|Any CPU = Debug|Any CPU
		Release|Any CPU = Release|Any CPU
	EndGlobalSection
	GlobalSection(ProjectConfigurationPlatforms) = postSolution
		{8DD4A01F-2711-4EEA-8E60-0677FB0B77B3}.Debug|Any CPU.ActiveCfg = Debug|Any CPU
		{8DD4A01F-2711-4EEA-8E60-0677FB0B77B3}.Debug|Any CPU.Build.0 = Debug|Any CPU
		{8DD4A01F-2711-4EEA-8E60-0677FB0B77B3}.Release|Any CPU.ActiveCfg = Release|Any CPU
		{8DD4A01F-2711-4EEA-8E60-0677FB0B77B3}.Release|Any CPU.Build.0 = Release|Any CPU
	EndGlobalSection
EndGlobal
